# This file is automatically @generated by Cargo.
# It is not intended for manual editing.
[[package]]
name = "RustFlyff"
version = "0.1.0"

[[package]]
name = "cluster_server"
version = "0.1.0"
dependencies = [
 "contract_databaseserver_clusterserver 0.1.0",
 "server_common 0.1.0",
]

[[package]]
name = "contract_databaseserver_clusterserver"
version = "0.1.0"
dependencies = [
 "contract_databaseserver_common 0.1.0",
]

[[package]]
name = "contract_databaseserver_common"
version = "0.1.0"

[[package]]
name = "contract_databaseserver_loginserver"
version = "0.1.0"
dependencies = [
 "contract_databaseserver_common 0.1.0",
]

[[package]]
name = "contract_databaseserver_worldserver"
version = "0.1.0"
dependencies = [
 "contract_databaseserver_common 0.1.0",
]

[[package]]
name = "database_server"
version = "0.1.0"
dependencies = [
 "contract_databaseserver_loginserver 0.1.0",
 "server_common 0.1.0",
]

[[package]]
name = "login_server"
version = "0.1.0"
dependencies = [
 "contract_databaseserver_loginserver 0.1.0",
 "server_common 0.1.0",
]

[[package]]
name = "server_common"
version = "0.1.0"

[[package]]
name = "world_server"
version = "0.1.0"
dependencies = [
 "contract_databaseserver_worldserver 0.1.0",
 "server_common 0.1.0",
]

